
Microsoft Visual Studio Solution File, Format Version 12.00
Project("{FAE04EC0-301F-11D3-BF4B-00C04F79EFBC}") = "Fitfuel", "Fitfuel\Fitfuel.csproj", "{AF2C4C6A-8F92-46BD-A3E1-39C3704E4DE5}"
EndProject
Global
	GlobalSection(SolutionConfigurationPlatforms) = preSolution
		Debug|Any CPU = Debug|Any CPU
		Release|Any CPU = Release|Any CPU
	EndGlobalSection
	GlobalSection(ProjectConfigurationPlatforms) = postSolution
		{AF2C4C6A-8F92-46BD-A3E1-39C3704E4DE5}.Debug|Any CPU.ActiveCfg = Debug|Any CPU
		{AF2C4C6A-8F92-46BD-A3E1-39C3704E4DE5}.Debug|Any CPU.Build.0 = Debug|Any CPU
		{AF2C4C6A-8F92-46BD-A3E1-39C3704E4DE5}.Release|Any CPU.ActiveCfg = Release|Any CPU
		{AF2C4C6A-8F92-46BD-A3E1-39C3704E4DE5}.Release|Any CPU.Build.0 = Release|Any CPU
	EndGlobalSection
EndGlobal
